
Microsoft Visual Studio Solution File, Format Version 12.00
# Visual Studio 15
VisualStudioVersion = 15.0.27130.2010
MinimumVisualStudioVersion = 10.0.40219.1
Project("{FAE04EC0-301F-11D3-BF4B-00C04F79EFBC}") = "Interprete", "Interprete\Interprete.csproj", "{AF156144-6ED4-44E9-A6C9-2B80BC3002DD}"
EndProject
Project("{FAE04EC0-301F-11D3-BF4B-00C04F79EFBC}") = "DataAccess", "DataAccess\DataAccess.csproj", "{0BF884A4-F9DA-402A-A92A-34527A9B13D3}"
EndProject
Global
	GlobalSection(SolutionConfigurationPlatforms) = preSolution
		Debug|Any CPU = Debug|Any CPU
		Release|Any CPU = Release|Any CPU
	EndGlobalSection
	GlobalSection(ProjectConfigurationPlatforms) = postSolution
		{AF156144-6ED4-44E9-A6C9-2B80BC3002DD}.Debug|Any CPU.ActiveCfg = Debug|Any CPU
		{AF156144-6ED4-44E9-A6C9-2B80BC3002DD}.Debug|Any CPU.Build.0 = Debug|Any CPU
		{AF156144-6ED4-44E9-A6C9-2B80BC3002DD}.Release|Any CPU.ActiveCfg = Release|Any CPU
		{AF156144-6ED4-44E9-A6C9-2B80BC3002DD}.Release|Any CPU.Build.0 = Release|Any CPU
		{0BF884A4-F9DA-402A-A92A-34527A9B13D3}.Debug|Any CPU.ActiveCfg = Debug|Any CPU
		{0BF884A4-F9DA-402A-A92A-34527A9B13D3}.Debug|Any CPU.Build.0 = Debug|Any CPU
		{0BF884A4-F9DA-402A-A92A-34527A9B13D3}.Release|Any CPU.ActiveCfg = Release|Any CPU
		{0BF884A4-F9DA-402A-A92A-34527A9B13D3}.Release|Any CPU.Build.0 = Release|Any CPU
	EndGlobalSection
	GlobalSection(SolutionProperties) = preSolution
		HideSolutionNode = FALSE
	EndGlobalSection
	GlobalSection(ExtensibilityGlobals) = postSolution
		SolutionGuid = {6BEE8F83-0314-4460-9420-EDEE63C61729}
	EndGlobalSection
EndGlobal
