
Microsoft Visual Studio Solution File, Format Version 12.00
# Visual Studio 15
Project("{FAE04EC0-301F-11D3-BF4B-00C04F79EFBC}") = "Singleton", "Singleton\Singleton.csproj", "{6DF1AAA6-B869-47EC-BED5-0E18447F86C2}"
EndProject
Global
	GlobalSection(SolutionConfigurationPlatforms) = preSolution
		Debug|x86 = Debug|x86
		Release|x86 = Release|x86
	EndGlobalSection
	GlobalSection(ProjectConfigurationPlatforms) = postSolution
		{6DF1AAA6-B869-47EC-BED5-0E18447F86C2}.Debug|x86.ActiveCfg = Debug|x86
		{6DF1AAA6-B869-47EC-BED5-0E18447F86C2}.Debug|x86.Build.0 = Debug|x86
		{6DF1AAA6-B869-47EC-BED5-0E18447F86C2}.Release|x86.ActiveCfg = Release|x86
		{6DF1AAA6-B869-47EC-BED5-0E18447F86C2}.Release|x86.Build.0 = Release|x86
	EndGlobalSection
EndGlobal
