
Microsoft Visual Studio Solution File, Format Version 12.00
# Visual Studio 15
VisualStudioVersion = 15.0.27130.2027
MinimumVisualStudioVersion = 10.0.40219.1
Project("{FAE04EC0-301F-11D3-BF4B-00C04F79EFBC}") = "Colecciones", "Colecciones\Colecciones.csproj", "{87925263-EBAE-4B41-954B-7B86EA4C96D4}"
EndProject
Project("{FAE04EC0-301F-11D3-BF4B-00C04F79EFBC}") = "AprobadoresDeCreditos", "AprobadoresDeCredetos\AprobadoresDeCreditos.csproj", "{C5A29128-CF72-45F0-BF58-87630E9FCDD0}"
EndProject
Project("{FAE04EC0-301F-11D3-BF4B-00C04F79EFBC}") = "Documentos", "Documentos\Documentos.csproj", "{F7EE76B9-8470-46A9-9AD0-B166DF36784D}"
EndProject
Global
	GlobalSection(SolutionConfigurationPlatforms) = preSolution
		Debug|Any CPU = Debug|Any CPU
		Release|Any CPU = Release|Any CPU
	EndGlobalSection
	GlobalSection(ProjectConfigurationPlatforms) = postSolution
		{87925263-EBAE-4B41-954B-7B86EA4C96D4}.Debug|Any CPU.ActiveCfg = Debug|Any CPU
		{87925263-EBAE-4B41-954B-7B86EA4C96D4}.Debug|Any CPU.Build.0 = Debug|Any CPU
		{87925263-EBAE-4B41-954B-7B86EA4C96D4}.Release|Any CPU.ActiveCfg = Release|Any CPU
		{87925263-EBAE-4B41-954B-7B86EA4C96D4}.Release|Any CPU.Build.0 = Release|Any CPU
		{C5A29128-CF72-45F0-BF58-87630E9FCDD0}.Debug|Any CPU.ActiveCfg = Debug|Any CPU
		{C5A29128-CF72-45F0-BF58-87630E9FCDD0}.Debug|Any CPU.Build.0 = Debug|Any CPU
		{C5A29128-CF72-45F0-BF58-87630E9FCDD0}.Release|Any CPU.ActiveCfg = Release|Any CPU
		{C5A29128-CF72-45F0-BF58-87630E9FCDD0}.Release|Any CPU.Build.0 = Release|Any CPU
		{F7EE76B9-8470-46A9-9AD0-B166DF36784D}.Debug|Any CPU.ActiveCfg = Debug|Any CPU
		{F7EE76B9-8470-46A9-9AD0-B166DF36784D}.Debug|Any CPU.Build.0 = Debug|Any CPU
		{F7EE76B9-8470-46A9-9AD0-B166DF36784D}.Release|Any CPU.ActiveCfg = Release|Any CPU
		{F7EE76B9-8470-46A9-9AD0-B166DF36784D}.Release|Any CPU.Build.0 = Release|Any CPU
	EndGlobalSection
	GlobalSection(SolutionProperties) = preSolution
		HideSolutionNode = FALSE
	EndGlobalSection
	GlobalSection(ExtensibilityGlobals) = postSolution
		SolutionGuid = {B3B032FB-00AB-4E43-9B39-7BA002D9C025}
	EndGlobalSection
EndGlobal
