
Microsoft Visual Studio Solution File, Format Version 12.00
# Visual Studio 15
VisualStudioVersion = 15.0.28010.2036
MinimumVisualStudioVersion = 10.0.40219.1
Project("{FAE04EC0-301F-11D3-BF4B-00C04F79EFBC}") = "Nasdaq", "Nasdaq\Nasdaq.csproj", "{2BB14B6C-E843-4A69-AA3E-F132F95CB393}"
EndProject
Project("{FAE04EC0-301F-11D3-BF4B-00C04F79EFBC}") = "MyParser", "MyParser\MyParser.csproj", "{B0F847AA-39D8-44DC-A87D-6FA90B9B5E78}"
EndProject
Project("{FAE04EC0-301F-11D3-BF4B-00C04F79EFBC}") = "Composicion", "Composicion\Composicion.csproj", "{DBF951EA-2333-4A8F-8C24-3E9E03C772BB}"
EndProject
Global
	GlobalSection(SolutionConfigurationPlatforms) = preSolution
		Debug|Any CPU = Debug|Any CPU
		Release|Any CPU = Release|Any CPU
	EndGlobalSection
	GlobalSection(ProjectConfigurationPlatforms) = postSolution
		{2BB14B6C-E843-4A69-AA3E-F132F95CB393}.Debug|Any CPU.ActiveCfg = Debug|Any CPU
		{2BB14B6C-E843-4A69-AA3E-F132F95CB393}.Debug|Any CPU.Build.0 = Debug|Any CPU
		{2BB14B6C-E843-4A69-AA3E-F132F95CB393}.Release|Any CPU.ActiveCfg = Release|Any CPU
		{2BB14B6C-E843-4A69-AA3E-F132F95CB393}.Release|Any CPU.Build.0 = Release|Any CPU
		{B0F847AA-39D8-44DC-A87D-6FA90B9B5E78}.Debug|Any CPU.ActiveCfg = Debug|Any CPU
		{B0F847AA-39D8-44DC-A87D-6FA90B9B5E78}.Debug|Any CPU.Build.0 = Debug|Any CPU
		{B0F847AA-39D8-44DC-A87D-6FA90B9B5E78}.Release|Any CPU.ActiveCfg = Release|Any CPU
		{B0F847AA-39D8-44DC-A87D-6FA90B9B5E78}.Release|Any CPU.Build.0 = Release|Any CPU
		{DBF951EA-2333-4A8F-8C24-3E9E03C772BB}.Debug|Any CPU.ActiveCfg = Debug|Any CPU
		{DBF951EA-2333-4A8F-8C24-3E9E03C772BB}.Debug|Any CPU.Build.0 = Debug|Any CPU
		{DBF951EA-2333-4A8F-8C24-3E9E03C772BB}.Release|Any CPU.ActiveCfg = Release|Any CPU
		{DBF951EA-2333-4A8F-8C24-3E9E03C772BB}.Release|Any CPU.Build.0 = Release|Any CPU
	EndGlobalSection
	GlobalSection(SolutionProperties) = preSolution
		HideSolutionNode = FALSE
	EndGlobalSection
	GlobalSection(ExtensibilityGlobals) = postSolution
		SolutionGuid = {C9E90C68-027E-4434-AC5E-40B0CF522FFE}
	EndGlobalSection
EndGlobal
